{
  "name": "mlprojectg",
  "lockfileVersion": 3,
  "requires": true,
  "packages": {
    "": {
      "dependencies": {
        "setuptools": "^0.0.1"
      }
    },
    "node_modules/setuptools": {
      "version": "0.0.1",
      "resolved": "https://registry.npmjs.org/setuptools/-/setuptools-0.0.1.tgz",
      "integrity": "sha512-NFqKbSldVoSOIVSbAeCEPTWkJ/35Ntq0nX871SLS1oD1oAoH5u/4fH/0mQy9VULeSFav3BpOe7GN+vznJ8RU4Q=="
    }
  }
}
